// !$*UTF8*$!
{
	archiveVersion = 1;
	classes = {
	};
	objectVersion = 50;
	objects = {

/* Begin PBXBuildFile section */
		215623B12687C21E00EA36F4 /* AppDelegate.swift in Sources */ = {isa = PBXBuildFile; fileRef = 215623B02687C21E00EA36F4 /* AppDelegate.swift */; };
		215623B32687C21E00EA36F4 /* SceneDelegate.swift in Sources */ = {isa = PBXBuildFile; fileRef = 215623B22687C21E00EA36F4 /* SceneDelegate.swift */; };
		215623B52687C21E00EA36F4 /* HomeViewController.swift in Sources */ = {isa = PBXBuildFile; fileRef = 215623B42687C21E00EA36F4 /* HomeViewController.swift */; };
		215623BA2687C21F00EA36F4 /* Assets.xcassets in Resources */ = {isa = PBXBuildFile; fileRef = 215623B92687C21F00EA36F4 /* Assets.xcassets */; };
		215623BD2687C21F00EA36F4 /* LaunchScreen.storyboard in Resources */ = {isa = PBXBuildFile; fileRef = 215623BB2687C21F00EA36F4 /* LaunchScreen.storyboard */; };
		215623CD2687C74800EA36F4 /* TabBarViewController.swift in Sources */ = {isa = PBXBuildFile; fileRef = 215623CC2687C74800EA36F4 /* TabBarViewController.swift */; };
		215623CF2687C7AA00EA36F4 /* SearchViewController.swift in Sources */ = {isa = PBXBuildFile; fileRef = 215623CE2687C7AA00EA36F4 /* SearchViewController.swift */; };
		215623D12687C7C100EA36F4 /* LibraryViewController.swift in Sources */ = {isa = PBXBuildFile; fileRef = 215623D02687C7C100EA36F4 /* LibraryViewController.swift */; };
		215623D52687C7E400EA36F4 /* AuthViewController.swift in Sources */ = {isa = PBXBuildFile; fileRef = 215623D42687C7E400EA36F4 /* AuthViewController.swift */; };
		215623D72687C7ED00EA36F4 /* WelcomeViewController.swift in Sources */ = {isa = PBXBuildFile; fileRef = 215623D62687C7ED00EA36F4 /* WelcomeViewController.swift */; };
		215623D92687C7F700EA36F4 /* SettingsViewController.swift in Sources */ = {isa = PBXBuildFile; fileRef = 215623D82687C7F700EA36F4 /* SettingsViewController.swift */; };
		215623DB2687C80B00EA36F4 /* ProfileViewController.swift in Sources */ = {isa = PBXBuildFile; fileRef = 215623DA2687C80B00EA36F4 /* ProfileViewController.swift */; };
		215623DD2687C81900EA36F4 /* PlayerViewController.swift in Sources */ = {isa = PBXBuildFile; fileRef = 215623DC2687C81900EA36F4 /* PlayerViewController.swift */; };
		215623DF2687C82E00EA36F4 /* PlaylistViewController.swift in Sources */ = {isa = PBXBuildFile; fileRef = 215623DE2687C82E00EA36F4 /* PlaylistViewController.swift */; };
		215623E12687C84600EA36F4 /* SearchResultsViewController.swift in Sources */ = {isa = PBXBuildFile; fileRef = 215623E02687C84600EA36F4 /* SearchResultsViewController.swift */; };
		215623E32687C86300EA36F4 /* AuthManager.swift in Sources */ = {isa = PBXBuildFile; fileRef = 215623E22687C86300EA36F4 /* AuthManager.swift */; };
		215623E52687C87700EA36F4 /* APICaller.swift in Sources */ = {isa = PBXBuildFile; fileRef = 215623E42687C87700EA36F4 /* APICaller.swift */; };
		215623E72687C88700EA36F4 /* HapticsManager.swift in Sources */ = {isa = PBXBuildFile; fileRef = 215623E62687C88700EA36F4 /* HapticsManager.swift */; };
		215623E92687C8B800EA36F4 /* Playlist.swift in Sources */ = {isa = PBXBuildFile; fileRef = 215623E82687C8B800EA36F4 /* Playlist.swift */; };
		215623EB2687C8C300EA36F4 /* AudioTrack.swift in Sources */ = {isa = PBXBuildFile; fileRef = 215623EA2687C8C300EA36F4 /* AudioTrack.swift */; };
		215623ED2687C8D400EA36F4 /* Artist.swift in Sources */ = {isa = PBXBuildFile; fileRef = 215623EC2687C8D400EA36F4 /* Artist.swift */; };
		215623EF2687C8E600EA36F4 /* UserProfile.swift in Sources */ = {isa = PBXBuildFile; fileRef = 215623EE2687C8E600EA36F4 /* UserProfile.swift */; };
		215624112687D64000EA36F4 /* Extensions.swift in Sources */ = {isa = PBXBuildFile; fileRef = 215624102687D64000EA36F4 /* Extensions.swift */; };
		21562413268800F400EA36F4 /* AuthResponse.swift in Sources */ = {isa = PBXBuildFile; fileRef = 21562412268800F400EA36F4 /* AuthResponse.swift */; };
		2156244026896DD100EA36F4 /* Settings.swift in Sources */ = {isa = PBXBuildFile; fileRef = 2156243F26896DD100EA36F4 /* Settings.swift */; };
		BC7A2F34223407F0148DD340 /* Pods_SpotMyMusicApp.framework in Frameworks */ = {isa = PBXBuildFile; fileRef = 23D91F356178C339228501AE /* Pods_SpotMyMusicApp.framework */; };
/* End PBXBuildFile section */

/* Begin PBXFileReference section */
		1AC20F5EEF4C48CD921F4CFF /* Pods-SpotMyMusicApp.debug.xcconfig */ = {isa = PBXFileReference; includeInIndex = 1; lastKnownFileType = text.xcconfig; name = "Pods-SpotMyMusicApp.debug.xcconfig"; path = "Target Support Files/Pods-SpotMyMusicApp/Pods-SpotMyMusicApp.debug.xcconfig"; sourceTree = "<group>"; };
		215623AD2687C21E00EA36F4 /* SpotMyMusicApp.app */ = {isa = PBXFileReference; explicitFileType = wrapper.application; includeInIndex = 0; path = SpotMyMusicApp.app; sourceTree = BUILT_PRODUCTS_DIR; };
		215623B02687C21E00EA36F4 /* AppDelegate.swift */ = {isa = PBXFileReference; lastKnownFileType = sourcecode.swift; path = AppDelegate.swift; sourceTree = "<group>"; };
		215623B22687C21E00EA36F4 /* SceneDelegate.swift */ = {isa = PBXFileReference; lastKnownFileType = sourcecode.swift; path = SceneDelegate.swift; sourceTree = "<group>"; };
		215623B42687C21E00EA36F4 /* HomeViewController.swift */ = {isa = PBXFileReference; lastKnownFileType = sourcecode.swift; path = HomeViewController.swift; sourceTree = "<group>"; };
		215623B92687C21F00EA36F4 /* Assets.xcassets */ = {isa = PBXFileReference; lastKnownFileType = folder.assetcatalog; path = Assets.xcassets; sourceTree = "<group>"; };
		215623BC2687C21F00EA36F4 /* Base */ = {isa = PBXFileReference; lastKnownFileType = file.storyboard; name = Base; path = Base.lproj/LaunchScreen.storyboard; sourceTree = "<group>"; };
		215623BE2687C21F00EA36F4 /* Info.plist */ = {isa = PBXFileReference; lastKnownFileType = text.plist.xml; path = Info.plist; sourceTree = "<group>"; };
		215623CC2687C74800EA36F4 /* TabBarViewController.swift */ = {isa = PBXFileReference; lastKnownFileType = sourcecode.swift; path = TabBarViewController.swift; sourceTree = "<group>"; };
		215623CE2687C7AA00EA36F4 /* SearchViewController.swift */ = {isa = PBXFileReference; lastKnownFileType = sourcecode.swift; path = SearchViewController.swift; sourceTree = "<group>"; };
		215623D02687C7C100EA36F4 /* LibraryViewController.swift */ = {isa = PBXFileReference; lastKnownFileType = sourcecode.swift; path = LibraryViewController.swift; sourceTree = "<group>"; };
		215623D42687C7E400EA36F4 /* AuthViewController.swift */ = {isa = PBXFileReference; lastKnownFileType = sourcecode.swift; path = AuthViewController.swift; sourceTree = "<group>"; };
		215623D62687C7ED00EA36F4 /* WelcomeViewController.swift */ = {isa = PBXFileReference; lastKnownFileType = sourcecode.swift; path = WelcomeViewController.swift; sourceTree = "<group>"; };
		215623D82687C7F700EA36F4 /* SettingsViewController.swift */ = {isa = PBXFileReference; lastKnownFileType = sourcecode.swift; path = SettingsViewController.swift; sourceTree = "<group>"; };
		215623DA2687C80B00EA36F4 /* ProfileViewController.swift */ = {isa = PBXFileReference; lastKnownFileType = sourcecode.swift; path = ProfileViewController.swift; sourceTree = "<group>"; };
		215623DC2687C81900EA36F4 /* PlayerViewController.swift */ = {isa = PBXFileReference; lastKnownFileType = sourcecode.swift; path = PlayerViewController.swift; sourceTree = "<group>"; };
		215623DE2687C82E00EA36F4 /* PlaylistViewController.swift */ = {isa = PBXFileReference; lastKnownFileType = sourcecode.swift; path = PlaylistViewController.swift; sourceTree = "<group>"; };
		215623E02687C84600EA36F4 /* SearchResultsViewController.swift */ = {isa = PBXFileReference; lastKnownFileType = sourcecode.swift; path = SearchResultsViewController.swift; sourceTree = "<group>"; };
		215623E22687C86300EA36F4 /* AuthManager.swift */ = {isa = PBXFileReference; lastKnownFileType = sourcecode.swift; path = AuthManager.swift; sourceTree = "<group>"; };
		215623E42687C87700EA36F4 /* APICaller.swift */ = {isa = PBXFileReference; lastKnownFileType = sourcecode.swift; path = APICaller.swift; sourceTree = "<group>"; };
		215623E62687C88700EA36F4 /* HapticsManager.swift */ = {isa = PBXFileReference; lastKnownFileType = sourcecode.swift; path = HapticsManager.swift; sourceTree = "<group>"; };
		215623E82687C8B800EA36F4 /* Playlist.swift */ = {isa = PBXFileReference; lastKnownFileType = sourcecode.swift; path = Playlist.swift; sourceTree = "<group>"; };
		215623EA2687C8C300EA36F4 /* AudioTrack.swift */ = {isa = PBXFileReference; lastKnownFileType = sourcecode.swift; path = AudioTrack.swift; sourceTree = "<group>"; };
		215623EC2687C8D400EA36F4 /* Artist.swift */ = {isa = PBXFileReference; lastKnownFileType = sourcecode.swift; path = Artist.swift; sourceTree = "<group>"; };
		215623EE2687C8E600EA36F4 /* UserProfile.swift */ = {isa = PBXFileReference; lastKnownFileType = sourcecode.swift; path = UserProfile.swift; sourceTree = "<group>"; };
		215624102687D64000EA36F4 /* Extensions.swift */ = {isa = PBXFileReference; lastKnownFileType = sourcecode.swift; path = Extensions.swift; sourceTree = "<group>"; };
		21562412268800F400EA36F4 /* AuthResponse.swift */ = {isa = PBXFileReference; lastKnownFileType = sourcecode.swift; path = AuthResponse.swift; sourceTree = "<group>"; };
		2156243F26896DD100EA36F4 /* Settings.swift */ = {isa = PBXFileReference; lastKnownFileType = sourcecode.swift; path = Settings.swift; sourceTree = "<group>"; };
		23D91F356178C339228501AE /* Pods_SpotMyMusicApp.framework */ = {isa = PBXFileReference; explicitFileType = wrapper.framework; includeInIndex = 0; path = Pods_SpotMyMusicApp.framework; sourceTree = BUILT_PRODUCTS_DIR; };
		BA36359E302A5409914D610D /* Pods-SpotMyMusicApp.release.xcconfig */ = {isa = PBXFileReference; includeInIndex = 1; lastKnownFileType = text.xcconfig; name = "Pods-SpotMyMusicApp.release.xcconfig"; path = "Target Support Files/Pods-SpotMyMusicApp/Pods-SpotMyMusicApp.release.xcconfig"; sourceTree = "<group>"; };
/* End PBXFileReference section */

/* Begin PBXFrameworksBuildPhase section */
		215623AA2687C21E00EA36F4 /* Frameworks */ = {
			isa = PBXFrameworksBuildPhase;
			buildActionMask = 2147483647;
			files = (
				BC7A2F34223407F0148DD340 /* Pods_SpotMyMusicApp.framework in Frameworks */,
			);
			runOnlyForDeploymentPostprocessing = 0;
		};
/* End PBXFrameworksBuildPhase section */

/* Begin PBXGroup section */
		215623A42687C21E00EA36F4 = {
			isa = PBXGroup;
			children = (
				215623AF2687C21E00EA36F4 /* SpotMyMusicApp */,
				215623AE2687C21E00EA36F4 /* Products */,
				928BF3F28888625A86E05A1E /* Pods */,
				FBB84FC05AC12E257F59FA8A /* Frameworks */,
			);
			sourceTree = "<group>";
		};
		215623AE2687C21E00EA36F4 /* Products */ = {
			isa = PBXGroup;
			children = (
				215623AD2687C21E00EA36F4 /* SpotMyMusicApp.app */,
			);
			name = Products;
			sourceTree = "<group>";
		};
		215623AF2687C21E00EA36F4 /* SpotMyMusicApp */ = {
			isa = PBXGroup;
			children = (
				215623C92687C2A000EA36F4 /* Resources */,
				215623C82687C29600EA36F4 /* Helpers */,
				215623C72687C28C00EA36F4 /* ViewModels */,
				215623C62687C28600EA36F4 /* Models */,
				215623C52687C27D00EA36F4 /* Views */,
				215623C42687C27500EA36F4 /* Controllers */,
				215623BE2687C21F00EA36F4 /* Info.plist */,
			);
			path = SpotMyMusicApp;
			sourceTree = "<group>";
		};
		215623C42687C27500EA36F4 /* Controllers */ = {
			isa = PBXGroup;
			children = (
				215623D32687C7D300EA36F4 /* Other */,
				215623D22687C7C500EA36F4 /* Core */,
			);
			path = Controllers;
			sourceTree = "<group>";
		};
		215623C52687C27D00EA36F4 /* Views */ = {
			isa = PBXGroup;
			children = (
				215623BB2687C21F00EA36F4 /* LaunchScreen.storyboard */,
			);
			path = Views;
			sourceTree = "<group>";
		};
		215623C62687C28600EA36F4 /* Models */ = {
			isa = PBXGroup;
			children = (
				215623E82687C8B800EA36F4 /* Playlist.swift */,
				215623EA2687C8C300EA36F4 /* AudioTrack.swift */,
				215623EC2687C8D400EA36F4 /* Artist.swift */,
				215623EE2687C8E600EA36F4 /* UserProfile.swift */,
				21562412268800F400EA36F4 /* AuthResponse.swift */,
				2156243F26896DD100EA36F4 /* Settings.swift */,
			);
			path = Models;
			sourceTree = "<group>";
		};
		215623C72687C28C00EA36F4 /* ViewModels */ = {
			isa = PBXGroup;
			children = (
			);
			path = ViewModels;
			sourceTree = "<group>";
		};
		215623C82687C29600EA36F4 /* Helpers */ = {
			isa = PBXGroup;
			children = (
				215623E22687C86300EA36F4 /* AuthManager.swift */,
				215623E42687C87700EA36F4 /* APICaller.swift */,
				215623E62687C88700EA36F4 /* HapticsManager.swift */,
			);
			path = Helpers;
			sourceTree = "<group>";
		};
		215623C92687C2A000EA36F4 /* Resources */ = {
			isa = PBXGroup;
			children = (
				215623B92687C21F00EA36F4 /* Assets.xcassets */,
				215623B02687C21E00EA36F4 /* AppDelegate.swift */,
				215624102687D64000EA36F4 /* Extensions.swift */,
				215623B22687C21E00EA36F4 /* SceneDelegate.swift */,
			);
			path = Resources;
			sourceTree = "<group>";
		};
		215623D22687C7C500EA36F4 /* Core */ = {
			isa = PBXGroup;
			children = (
				215623CC2687C74800EA36F4 /* TabBarViewController.swift */,
				215623B42687C21E00EA36F4 /* HomeViewController.swift */,
				215623CE2687C7AA00EA36F4 /* SearchViewController.swift */,
				215623D02687C7C100EA36F4 /* LibraryViewController.swift */,
			);
			path = Core;
			sourceTree = "<group>";
		};
		215623D32687C7D300EA36F4 /* Other */ = {
			isa = PBXGroup;
			children = (
				215623D42687C7E400EA36F4 /* AuthViewController.swift */,
				215623D62687C7ED00EA36F4 /* WelcomeViewController.swift */,
				215623D82687C7F700EA36F4 /* SettingsViewController.swift */,
				215623DA2687C80B00EA36F4 /* ProfileViewController.swift */,
				215623DC2687C81900EA36F4 /* PlayerViewController.swift */,
				215623DE2687C82E00EA36F4 /* PlaylistViewController.swift */,
				215623E02687C84600EA36F4 /* SearchResultsViewController.swift */,
			);
			path = Other;
			sourceTree = "<group>";
		};
		928BF3F28888625A86E05A1E /* Pods */ = {
			isa = PBXGroup;
			children = (
				1AC20F5EEF4C48CD921F4CFF /* Pods-SpotMyMusicApp.debug.xcconfig */,
				BA36359E302A5409914D610D /* Pods-SpotMyMusicApp.release.xcconfig */,
			);
			name = Pods;
			path = Pods;
			sourceTree = "<group>";
		};
		FBB84FC05AC12E257F59FA8A /* Frameworks */ = {
			isa = PBXGroup;
			children = (
				23D91F356178C339228501AE /* Pods_SpotMyMusicApp.framework */,
			);
			name = Frameworks;
			sourceTree = "<group>";
		};
/* End PBXGroup section */

/* Begin PBXNativeTarget section */
		215623AC2687C21E00EA36F4 /* SpotMyMusicApp */ = {
			isa = PBXNativeTarget;
			buildConfigurationList = 215623C12687C21F00EA36F4 /* Build configuration list for PBXNativeTarget "SpotMyMusicApp" */;
			buildPhases = (
				0984B3EA458E584DFB5CCB10 /* [CP] Check Pods Manifest.lock */,
				215623A92687C21E00EA36F4 /* Sources */,
				215623AA2687C21E00EA36F4 /* Frameworks */,
				215623AB2687C21E00EA36F4 /* Resources */,
				86F80CEF1DFEC9B255C12EA5 /* [CP] Embed Pods Frameworks */,
			);
			buildRules = (
			);
			dependencies = (
			);
			name = SpotMyMusicApp;
			productName = SpotMyMusicApp;
			productReference = 215623AD2687C21E00EA36F4 /* SpotMyMusicApp.app */;
			productType = "com.apple.product-type.application";
		};
/* End PBXNativeTarget section */

/* Begin PBXProject section */
		215623A52687C21E00EA36F4 /* Project object */ = {
			isa = PBXProject;
			attributes = {
				LastSwiftUpdateCheck = 1250;
				LastUpgradeCheck = 1250;
				TargetAttributes = {
					215623AC2687C21E00EA36F4 = {
						CreatedOnToolsVersion = 12.5;
					};
				};
			};
			buildConfigurationList = 215623A82687C21E00EA36F4 /* Build configuration list for PBXProject "SpotMyMusicApp" */;
			compatibilityVersion = "Xcode 9.3";
			developmentRegion = en;
			hasScannedForEncodings = 0;
			knownRegions = (
				en,
				Base,
			);
			mainGroup = 215623A42687C21E00EA36F4;
			productRefGroup = 215623AE2687C21E00EA36F4 /* Products */;
			projectDirPath = "";
			projectRoot = "";
			targets = (
				215623AC2687C21E00EA36F4 /* SpotMyMusicApp */,
			);
		};
/* End PBXProject section */

/* Begin PBXResourcesBuildPhase section */
		215623AB2687C21E00EA36F4 /* Resources */ = {
			isa = PBXResourcesBuildPhase;
			buildActionMask = 2147483647;
			files = (
				215623BD2687C21F00EA36F4 /* LaunchScreen.storyboard in Resources */,
				215623BA2687C21F00EA36F4 /* Assets.xcassets in Resources */,
			);
			runOnlyForDeploymentPostprocessing = 0;
		};
/* End PBXResourcesBuildPhase section */

/* Begin PBXShellScriptBuildPhase section */
		0984B3EA458E584DFB5CCB10 /* [CP] Check Pods Manifest.lock */ = {
			isa = PBXShellScriptBuildPhase;
			buildActionMask = 2147483647;
			files = (
			);
			inputFileListPaths = (
			);
			inputPaths = (
				"${PODS_PODFILE_DIR_PATH}/Podfile.lock",
				"${PODS_ROOT}/Manifest.lock",
			);
			name = "[CP] Check Pods Manifest.lock";
			outputFileListPaths = (
			);
			outputPaths = (
				"$(DERIVED_FILE_DIR)/Pods-SpotMyMusicApp-checkManifestLockResult.txt",
			);
			runOnlyForDeploymentPostprocessing = 0;
			shellPath = /bin/sh;
			shellScript = "diff \"${PODS_PODFILE_DIR_PATH}/Podfile.lock\" \"${PODS_ROOT}/Manifest.lock\" > /dev/null\nif [ $? != 0 ] ; then\n    # print error to STDERR\n    echo \"error: The sandbox is not in sync with the Podfile.lock. Run 'pod install' or update your CocoaPods installation.\" >&2\n    exit 1\nfi\n# This output is used by Xcode 'outputs' to avoid re-running this script phase.\necho \"SUCCESS\" > \"${SCRIPT_OUTPUT_FILE_0}\"\n";
			showEnvVarsInLog = 0;
		};
		86F80CEF1DFEC9B255C12EA5 /* [CP] Embed Pods Frameworks */ = {
			isa = PBXShellScriptBuildPhase;
			buildActionMask = 2147483647;
			files = (
			);
			inputFileListPaths = (
				"${PODS_ROOT}/Target Support Files/Pods-SpotMyMusicApp/Pods-SpotMyMusicApp-frameworks-${CONFIGURATION}-input-files.xcfilelist",
			);
			name = "[CP] Embed Pods Frameworks";
			outputFileListPaths = (
				"${PODS_ROOT}/Target Support Files/Pods-SpotMyMusicApp/Pods-SpotMyMusicApp-frameworks-${CONFIGURATION}-output-files.xcfilelist",
			);
			runOnlyForDeploymentPostprocessing = 0;
			shellPath = /bin/sh;
			shellScript = "\"${PODS_ROOT}/Target Support Files/Pods-SpotMyMusicApp/Pods-SpotMyMusicApp-frameworks.sh\"\n";
			showEnvVarsInLog = 0;
		};
/* End PBXShellScriptBuildPhase section */

/* Begin PBXSourcesBuildPhase section */
		215623A92687C21E00EA36F4 /* Sources */ = {
			isa = PBXSourcesBuildPhase;
			buildActionMask = 2147483647;
			files = (
				215623CF2687C7AA00EA36F4 /* SearchViewController.swift in Sources */,
				215623E92687C8B800EA36F4 /* Playlist.swift in Sources */,
				215623E32687C86300EA36F4 /* AuthManager.swift in Sources */,
				215623E12687C84600EA36F4 /* SearchResultsViewController.swift in Sources */,
				215623D72687C7ED00EA36F4 /* WelcomeViewController.swift in Sources */,
				215623E72687C88700EA36F4 /* HapticsManager.swift in Sources */,
				215623DB2687C80B00EA36F4 /* ProfileViewController.swift in Sources */,
				215623CD2687C74800EA36F4 /* TabBarViewController.swift in Sources */,
				2156244026896DD100EA36F4 /* Settings.swift in Sources */,
				21562413268800F400EA36F4 /* AuthResponse.swift in Sources */,
				215623EB2687C8C300EA36F4 /* AudioTrack.swift in Sources */,
				215623B52687C21E00EA36F4 /* HomeViewController.swift in Sources */,
				215623D52687C7E400EA36F4 /* AuthViewController.swift in Sources */,
				215623B12687C21E00EA36F4 /* AppDelegate.swift in Sources */,
				215623EF2687C8E600EA36F4 /* UserProfile.swift in Sources */,
				215624112687D64000EA36F4 /* Extensions.swift in Sources */,
				215623D12687C7C100EA36F4 /* LibraryViewController.swift in Sources */,
				215623ED2687C8D400EA36F4 /* Artist.swift in Sources */,
				215623DF2687C82E00EA36F4 /* PlaylistViewController.swift in Sources */,
				215623B32687C21E00EA36F4 /* SceneDelegate.swift in Sources */,
				215623DD2687C81900EA36F4 /* PlayerViewController.swift in Sources */,
				215623E52687C87700EA36F4 /* APICaller.swift in Sources */,
				215623D92687C7F700EA36F4 /* SettingsViewController.swift in Sources */,
			);
			runOnlyForDeploymentPostprocessing = 0;
		};
/* End PBXSourcesBuildPhase section */

/* Begin PBXVariantGroup section */
		215623BB2687C21F00EA36F4 /* LaunchScreen.storyboard */ = {
			isa = PBXVariantGroup;
			children = (
				215623BC2687C21F00EA36F4 /* Base */,
			);
			name = LaunchScreen.storyboard;
			sourceTree = "<group>";
		};
/* End PBXVariantGroup section */

/* Begin XCBuildConfiguration section */
		215623BF2687C21F00EA36F4 /* Debug */ = {
			isa = XCBuildConfiguration;
			buildSettings = {
				ALWAYS_SEARCH_USER_PATHS = NO;
				CLANG_ANALYZER_NONNULL = YES;
				CLANG_ANALYZER_NUMBER_OBJECT_CONVERSION = YES_AGGRESSIVE;
				CLANG_CXX_LANGUAGE_STANDARD = "gnu++14";
				CLANG_CXX_LIBRARY = "libc++";
				CLANG_ENABLE_MODULES = YES;
				CLANG_ENABLE_OBJC_ARC = YES;
				CLANG_ENABLE_OBJC_WEAK = YES;
				CLANG_WARN_BLOCK_CAPTURE_AUTORELEASING = YES;
				CLANG_WARN_BOOL_CONVERSION = YES;
				CLANG_WARN_COMMA = YES;
				CLANG_WARN_CONSTANT_CONVERSION = YES;
				CLANG_WARN_DEPRECATED_OBJC_IMPLEMENTATIONS = YES;
				CLANG_WARN_DIRECT_OBJC_ISA_USAGE = YES_ERROR;
				CLANG_WARN_DOCUMENTATION_COMMENTS = YES;
				CLANG_WARN_EMPTY_BODY = YES;
				CLANG_WARN_ENUM_CONVERSION = YES;
				CLANG_WARN_INFINITE_RECURSION = YES;
				CLANG_WARN_INT_CONVERSION = YES;
				CLANG_WARN_NON_LITERAL_NULL_CONVERSION = YES;
				CLANG_WARN_OBJC_IMPLICIT_RETAIN_SELF = YES;
				CLANG_WARN_OBJC_LITERAL_CONVERSION = YES;
				CLANG_WARN_OBJC_ROOT_CLASS = YES_ERROR;
				CLANG_WARN_QUOTED_INCLUDE_IN_FRAMEWORK_HEADER = YES;
				CLANG_WARN_RANGE_LOOP_ANALYSIS = YES;
				CLANG_WARN_STRICT_PROTOTYPES = YES;
				CLANG_WARN_SUSPICIOUS_MOVE = YES;
				CLANG_WARN_UNGUARDED_AVAILABILITY = YES_AGGRESSIVE;
				CLANG_WARN_UNREACHABLE_CODE = YES;
				CLANG_WARN__DUPLICATE_METHOD_MATCH = YES;
				COPY_PHASE_STRIP = NO;
				DEBUG_INFORMATION_FORMAT = dwarf;
				ENABLE_STRICT_OBJC_MSGSEND = YES;
				ENABLE_TESTABILITY = YES;
				GCC_C_LANGUAGE_STANDARD = gnu11;
				GCC_DYNAMIC_NO_PIC = NO;
				GCC_NO_COMMON_BLOCKS = YES;
				GCC_OPTIMIZATION_LEVEL = 0;
				GCC_PREPROCESSOR_DEFINITIONS = (
					"DEBUG=1",
					"$(inherited)",
				);
				GCC_WARN_64_TO_32_BIT_CONVERSION = YES;
				GCC_WARN_ABOUT_RETURN_TYPE = YES_ERROR;
				GCC_WARN_UNDECLARED_SELECTOR = YES;
				GCC_WARN_UNINITIALIZED_AUTOS = YES_AGGRESSIVE;
				GCC_WARN_UNUSED_FUNCTION = YES;
				GCC_WARN_UNUSED_VARIABLE = YES;
				IPHONEOS_DEPLOYMENT_TARGET = 14.5;
				MTL_ENABLE_DEBUG_INFO = INCLUDE_SOURCE;
				MTL_FAST_MATH = YES;
				ONLY_ACTIVE_ARCH = YES;
				SDKROOT = iphoneos;
				SWIFT_ACTIVE_COMPILATION_CONDITIONS = DEBUG;
				SWIFT_OPTIMIZATION_LEVEL = "-Onone";
			};
			name = Debug;
		};
		215623C02687C21F00EA36F4 /* Release */ = {
			isa = XCBuildConfiguration;
			buildSettings = {
				ALWAYS_SEARCH_USER_PATHS = NO;
				CLANG_ANALYZER_NONNULL = YES;
				CLANG_ANALYZER_NUMBER_OBJECT_CONVERSION = YES_AGGRESSIVE;
				CLANG_CXX_LANGUAGE_STANDARD = "gnu++14";
				CLANG_CXX_LIBRARY = "libc++";
				CLANG_ENABLE_MODULES = YES;
				CLANG_ENABLE_OBJC_ARC = YES;
				CLANG_ENABLE_OBJC_WEAK = YES;
				CLANG_WARN_BLOCK_CAPTURE_AUTORELEASING = YES;
				CLANG_WARN_BOOL_CONVERSION = YES;
				CLANG_WARN_COMMA = YES;
				CLANG_WARN_CONSTANT_CONVERSION = YES;
				CLANG_WARN_DEPRECATED_OBJC_IMPLEMENTATIONS = YES;
				CLANG_WARN_DIRECT_OBJC_ISA_USAGE = YES_ERROR;
				CLANG_WARN_DOCUMENTATION_COMMENTS = YES;
				CLANG_WARN_EMPTY_BODY = YES;
				CLANG_WARN_ENUM_CONVERSION = YES;
				CLANG_WARN_INFINITE_RECURSION = YES;
				CLANG_WARN_INT_CONVERSION = YES;
				CLANG_WARN_NON_LITERAL_NULL_CONVERSION = YES;
				CLANG_WARN_OBJC_IMPLICIT_RETAIN_SELF = YES;
				CLANG_WARN_OBJC_LITERAL_CONVERSION = YES;
				CLANG_WARN_OBJC_ROOT_CLASS = YES_ERROR;
				CLANG_WARN_QUOTED_INCLUDE_IN_FRAMEWORK_HEADER = YES;
				CLANG_WARN_RANGE_LOOP_ANALYSIS = YES;
				CLANG_WARN_STRICT_PROTOTYPES = YES;
				CLANG_WARN_SUSPICIOUS_MOVE = YES;
				CLANG_WARN_UNGUARDED_AVAILABILITY = YES_AGGRESSIVE;
				CLANG_WARN_UNREACHABLE_CODE = YES;
				CLANG_WARN__DUPLICATE_METHOD_MATCH = YES;
				COPY_PHASE_STRIP = NO;
				DEBUG_INFORMATION_FORMAT = "dwarf-with-dsym";
				ENABLE_NS_ASSERTIONS = NO;
				ENABLE_STRICT_OBJC_MSGSEND = YES;
				GCC_C_LANGUAGE_STANDARD = gnu11;
				GCC_NO_COMMON_BLOCKS = YES;
				GCC_WARN_64_TO_32_BIT_CONVERSION = YES;
				GCC_WARN_ABOUT_RETURN_TYPE = YES_ERROR;
				GCC_WARN_UNDECLARED_SELECTOR = YES;
				GCC_WARN_UNINITIALIZED_AUTOS = YES_AGGRESSIVE;
				GCC_WARN_UNUSED_FUNCTION = YES;
				GCC_WARN_UNUSED_VARIABLE = YES;
				IPHONEOS_DEPLOYMENT_TARGET = 14.5;
				MTL_ENABLE_DEBUG_INFO = NO;
				MTL_FAST_MATH = YES;
				SDKROOT = iphoneos;
				SWIFT_COMPILATION_MODE = wholemodule;
				SWIFT_OPTIMIZATION_LEVEL = "-O";
				VALIDATE_PRODUCT = YES;
			};
			name = Release;
		};
		215623C22687C21F00EA36F4 /* Debug */ = {
			isa = XCBuildConfiguration;
			baseConfigurationReference = 1AC20F5EEF4C48CD921F4CFF /* Pods-SpotMyMusicApp.debug.xcconfig */;
			buildSettings = {
				ASSETCATALOG_COMPILER_APPICON_NAME = AppIcon;
				ASSETCATALOG_COMPILER_GLOBAL_ACCENT_COLOR_NAME = AccentColor;
				CODE_SIGN_STYLE = Automatic;
				DEVELOPMENT_TEAM = QLJ84Q3ZSY;
				INFOPLIST_FILE = SpotMyMusicApp/Info.plist;
				LD_RUNPATH_SEARCH_PATHS = (
					"$(inherited)",
					"@executable_path/Frameworks",
				);
				PRODUCT_BUNDLE_IDENTIFIER = com.aveldanov.SpotMyMusicApp;
				PRODUCT_NAME = "$(TARGET_NAME)";
				SWIFT_VERSION = 5.0;
				TARGETED_DEVICE_FAMILY = "1,2";
			};
			name = Debug;
		};
		215623C32687C21F00EA36F4 /* Release */ = {
			isa = XCBuildConfiguration;
			baseConfigurationReference = BA36359E302A5409914D610D /* Pods-SpotMyMusicApp.release.xcconfig */;
			buildSettings = {
				ASSETCATALOG_COMPILER_APPICON_NAME = AppIcon;
				ASSETCATALOG_COMPILER_GLOBAL_ACCENT_COLOR_NAME = AccentColor;
				CODE_SIGN_STYLE = Automatic;
				DEVELOPMENT_TEAM = QLJ84Q3ZSY;
				INFOPLIST_FILE = SpotMyMusicApp/Info.plist;
				LD_RUNPATH_SEARCH_PATHS = (
					"$(inherited)",
					"@executable_path/Frameworks",
				);
				PRODUCT_BUNDLE_IDENTIFIER = com.aveldanov.SpotMyMusicApp;
				PRODUCT_NAME = "$(TARGET_NAME)";
				SWIFT_VERSION = 5.0;
				TARGETED_DEVICE_FAMILY = "1,2";
			};
			name = Release;
		};
/* End XCBuildConfiguration section */

/* Begin XCConfigurationList section */
		215623A82687C21E00EA36F4 /* Build configuration list for PBXProject "SpotMyMusicApp" */ = {
			isa = XCConfigurationList;
			buildConfigurations = (
				215623BF2687C21F00EA36F4 /* Debug */,
				215623C02687C21F00EA36F4 /* Release */,
			);
			defaultConfigurationIsVisible = 0;
			defaultConfigurationName = Release;
		};
		215623C12687C21F00EA36F4 /* Build configuration list for PBXNativeTarget "SpotMyMusicApp" */ = {
			isa = XCConfigurationList;
			buildConfigurations = (
				215623C22687C21F00EA36F4 /* Debug */,
				215623C32687C21F00EA36F4 /* Release */,
			);
			defaultConfigurationIsVisible = 0;
			defaultConfigurationName = Release;
		};
/* End XCConfigurationList section */
	};
	rootObject = 215623A52687C21E00EA36F4 /* Project object */;
}
