// !$*UTF8*$!
{
	archiveVersion = 1;
	classes = {
	};
	objectVersion = 50;
	objects = {

/* Begin PBXBuildFile section */
		21CEEC5726B6D5340085F199 /* AppDelegate.swift in Sources */ = {isa = PBXBuildFile; fileRef = 21CEEC5626B6D5340085F199 /* AppDelegate.swift */; };
		21CEEC5926B6D5340085F199 /* SceneDelegate.swift in Sources */ = {isa = PBXBuildFile; fileRef = 21CEEC5826B6D5340085F199 /* SceneDelegate.swift */; };
		21CEEC5B26B6D5340085F199 /* HomeViewController.swift in Sources */ = {isa = PBXBuildFile; fileRef = 21CEEC5A26B6D5340085F199 /* HomeViewController.swift */; };
		21CEEC6026B6D5350085F199 /* Assets.xcassets in Resources */ = {isa = PBXBuildFile; fileRef = 21CEEC5F26B6D5350085F199 /* Assets.xcassets */; };
		21CEEC6326B6D5350085F199 /* LaunchScreen.storyboard in Resources */ = {isa = PBXBuildFile; fileRef = 21CEEC6126B6D5350085F199 /* LaunchScreen.storyboard */; };
		21CEEC7526B6D8520085F199 /* TabBarViewController.swift in Sources */ = {isa = PBXBuildFile; fileRef = 21CEEC7426B6D8520085F199 /* TabBarViewController.swift */; };
		21CEEC7726B6D8780085F199 /* SearchViewController.swift in Sources */ = {isa = PBXBuildFile; fileRef = 21CEEC7626B6D8780085F199 /* SearchViewController.swift */; };
		21CEEC7926B6D8840085F199 /* LibraryViewController.swift in Sources */ = {isa = PBXBuildFile; fileRef = 21CEEC7826B6D8840085F199 /* LibraryViewController.swift */; };
		21CEEC7C26B6D8B10085F199 /* AuthViewController.swift in Sources */ = {isa = PBXBuildFile; fileRef = 21CEEC7B26B6D8B10085F199 /* AuthViewController.swift */; };
		21CEEC7F26B6D8D30085F199 /* WelcomeViewController.swift in Sources */ = {isa = PBXBuildFile; fileRef = 21CEEC7E26B6D8D30085F199 /* WelcomeViewController.swift */; };
		21CEEC8126B6D8E00085F199 /* SettingsViewController.swift in Sources */ = {isa = PBXBuildFile; fileRef = 21CEEC8026B6D8E00085F199 /* SettingsViewController.swift */; };
		21CEEC8326B6D8EA0085F199 /* ProfileViewController.swift in Sources */ = {isa = PBXBuildFile; fileRef = 21CEEC8226B6D8EA0085F199 /* ProfileViewController.swift */; };
		21CEEC8526B6D8F60085F199 /* PlayerViewController.swift in Sources */ = {isa = PBXBuildFile; fileRef = 21CEEC8426B6D8F60085F199 /* PlayerViewController.swift */; };
		21CEEC8726B6D9030085F199 /* PlaylistViewController.swift in Sources */ = {isa = PBXBuildFile; fileRef = 21CEEC8626B6D9030085F199 /* PlaylistViewController.swift */; };
		21CEEC8926B6D91C0085F199 /* SearchResultsViewController.swift in Sources */ = {isa = PBXBuildFile; fileRef = 21CEEC8826B6D91C0085F199 /* SearchResultsViewController.swift */; };
/* End PBXBuildFile section */

/* Begin PBXFileReference section */
		21CEEC5326B6D5340085F199 /* SpotMyMusicApp.app */ = {isa = PBXFileReference; explicitFileType = wrapper.application; includeInIndex = 0; path = SpotMyMusicApp.app; sourceTree = BUILT_PRODUCTS_DIR; };
		21CEEC5626B6D5340085F199 /* AppDelegate.swift */ = {isa = PBXFileReference; lastKnownFileType = sourcecode.swift; path = AppDelegate.swift; sourceTree = "<group>"; };
		21CEEC5826B6D5340085F199 /* SceneDelegate.swift */ = {isa = PBXFileReference; lastKnownFileType = sourcecode.swift; path = SceneDelegate.swift; sourceTree = "<group>"; };
		21CEEC5A26B6D5340085F199 /* HomeViewController.swift */ = {isa = PBXFileReference; lastKnownFileType = sourcecode.swift; path = HomeViewController.swift; sourceTree = "<group>"; };
		21CEEC5F26B6D5350085F199 /* Assets.xcassets */ = {isa = PBXFileReference; lastKnownFileType = folder.assetcatalog; path = Assets.xcassets; sourceTree = "<group>"; };
		21CEEC6226B6D5350085F199 /* Base */ = {isa = PBXFileReference; lastKnownFileType = file.storyboard; name = Base; path = Base.lproj/LaunchScreen.storyboard; sourceTree = "<group>"; };
		21CEEC6426B6D5350085F199 /* Info.plist */ = {isa = PBXFileReference; lastKnownFileType = text.plist.xml; path = Info.plist; sourceTree = "<group>"; };
		21CEEC7426B6D8520085F199 /* TabBarViewController.swift */ = {isa = PBXFileReference; lastKnownFileType = sourcecode.swift; path = TabBarViewController.swift; sourceTree = "<group>"; };
		21CEEC7626B6D8780085F199 /* SearchViewController.swift */ = {isa = PBXFileReference; lastKnownFileType = sourcecode.swift; path = SearchViewController.swift; sourceTree = "<group>"; };
		21CEEC7826B6D8840085F199 /* LibraryViewController.swift */ = {isa = PBXFileReference; lastKnownFileType = sourcecode.swift; path = LibraryViewController.swift; sourceTree = "<group>"; };
		21CEEC7B26B6D8B10085F199 /* AuthViewController.swift */ = {isa = PBXFileReference; lastKnownFileType = sourcecode.swift; path = AuthViewController.swift; sourceTree = "<group>"; };
		21CEEC7E26B6D8D30085F199 /* WelcomeViewController.swift */ = {isa = PBXFileReference; lastKnownFileType = sourcecode.swift; path = WelcomeViewController.swift; sourceTree = "<group>"; };
		21CEEC8026B6D8E00085F199 /* SettingsViewController.swift */ = {isa = PBXFileReference; lastKnownFileType = sourcecode.swift; path = SettingsViewController.swift; sourceTree = "<group>"; };
		21CEEC8226B6D8EA0085F199 /* ProfileViewController.swift */ = {isa = PBXFileReference; lastKnownFileType = sourcecode.swift; path = ProfileViewController.swift; sourceTree = "<group>"; };
		21CEEC8426B6D8F60085F199 /* PlayerViewController.swift */ = {isa = PBXFileReference; lastKnownFileType = sourcecode.swift; path = PlayerViewController.swift; sourceTree = "<group>"; };
		21CEEC8626B6D9030085F199 /* PlaylistViewController.swift */ = {isa = PBXFileReference; lastKnownFileType = sourcecode.swift; path = PlaylistViewController.swift; sourceTree = "<group>"; };
		21CEEC8826B6D91C0085F199 /* SearchResultsViewController.swift */ = {isa = PBXFileReference; lastKnownFileType = sourcecode.swift; path = SearchResultsViewController.swift; sourceTree = "<group>"; };
/* End PBXFileReference section */

/* Begin PBXFrameworksBuildPhase section */
		21CEEC5026B6D5340085F199 /* Frameworks */ = {
			isa = PBXFrameworksBuildPhase;
			buildActionMask = 2147483647;
			files = (
			);
			runOnlyForDeploymentPostprocessing = 0;
		};
/* End PBXFrameworksBuildPhase section */

/* Begin PBXGroup section */
		21CEEC4A26B6D5340085F199 = {
			isa = PBXGroup;
			children = (
				21CEEC5526B6D5340085F199 /* SpotMyMusicApp */,
				21CEEC5426B6D5340085F199 /* Products */,
			);
			sourceTree = "<group>";
		};
		21CEEC5426B6D5340085F199 /* Products */ = {
			isa = PBXGroup;
			children = (
				21CEEC5326B6D5340085F199 /* SpotMyMusicApp.app */,
			);
			name = Products;
			sourceTree = "<group>";
		};
		21CEEC5526B6D5340085F199 /* SpotMyMusicApp */ = {
			isa = PBXGroup;
			children = (
				21CEEC6F26B6D6060085F199 /* Resources */,
				21CEEC6E26B6D5E70085F199 /* Helpers */,
				21CEEC6D26B6D5DA0085F199 /* ViewModels */,
				21CEEC6C26B6D5CE0085F199 /* Models */,
				21CEEC6B26B6D5C50085F199 /* Views */,
				21CEEC6A26B6D5B80085F199 /* Controllers */,
				21CEEC6426B6D5350085F199 /* Info.plist */,
			);
			path = SpotMyMusicApp;
			sourceTree = "<group>";
		};
		21CEEC6A26B6D5B80085F199 /* Controllers */ = {
			isa = PBXGroup;
			children = (
				21CEEC7A26B6D8950085F199 /* Core */,
				21CEEC7D26B6D8BA0085F199 /* Other */,
			);
			path = Controllers;
			sourceTree = "<group>";
		};
		21CEEC6B26B6D5C50085F199 /* Views */ = {
			isa = PBXGroup;
			children = (
				21CEEC6126B6D5350085F199 /* LaunchScreen.storyboard */,
			);
			path = Views;
			sourceTree = "<group>";
		};
		21CEEC6C26B6D5CE0085F199 /* Models */ = {
			isa = PBXGroup;
			children = (
			);
			path = Models;
			sourceTree = "<group>";
		};
		21CEEC6D26B6D5DA0085F199 /* ViewModels */ = {
			isa = PBXGroup;
			children = (
			);
			path = ViewModels;
			sourceTree = "<group>";
		};
		21CEEC6E26B6D5E70085F199 /* Helpers */ = {
			isa = PBXGroup;
			children = (
			);
			path = Helpers;
			sourceTree = "<group>";
		};
		21CEEC6F26B6D6060085F199 /* Resources */ = {
			isa = PBXGroup;
			children = (
				21CEEC5626B6D5340085F199 /* AppDelegate.swift */,
				21CEEC5826B6D5340085F199 /* SceneDelegate.swift */,
				21CEEC5F26B6D5350085F199 /* Assets.xcassets */,
			);
			path = Resources;
			sourceTree = "<group>";
		};
		21CEEC7A26B6D8950085F199 /* Core */ = {
			isa = PBXGroup;
			children = (
				21CEEC5A26B6D5340085F199 /* HomeViewController.swift */,
				21CEEC7426B6D8520085F199 /* TabBarViewController.swift */,
				21CEEC7626B6D8780085F199 /* SearchViewController.swift */,
				21CEEC7826B6D8840085F199 /* LibraryViewController.swift */,
			);
			path = Core;
			sourceTree = "<group>";
		};
		21CEEC7D26B6D8BA0085F199 /* Other */ = {
			isa = PBXGroup;
			children = (
				21CEEC7B26B6D8B10085F199 /* AuthViewController.swift */,
				21CEEC8426B6D8F60085F199 /* PlayerViewController.swift */,
				21CEEC8626B6D9030085F199 /* PlaylistViewController.swift */,
				21CEEC8826B6D91C0085F199 /* SearchResultsViewController.swift */,
				21CEEC8026B6D8E00085F199 /* SettingsViewController.swift */,
				21CEEC7E26B6D8D30085F199 /* WelcomeViewController.swift */,
				21CEEC8226B6D8EA0085F199 /* ProfileViewController.swift */,
			);
			path = Other;
			sourceTree = "<group>";
		};
/* End PBXGroup section */

/* Begin PBXNativeTarget section */
		21CEEC5226B6D5340085F199 /* SpotMyMusicApp */ = {
			isa = PBXNativeTarget;
			buildConfigurationList = 21CEEC6726B6D5350085F199 /* Build configuration list for PBXNativeTarget "SpotMyMusicApp" */;
			buildPhases = (
				21CEEC4F26B6D5340085F199 /* Sources */,
				21CEEC5026B6D5340085F199 /* Frameworks */,
				21CEEC5126B6D5340085F199 /* Resources */,
			);
			buildRules = (
			);
			dependencies = (
			);
			name = SpotMyMusicApp;
			productName = SpotMyMusicApp;
			productReference = 21CEEC5326B6D5340085F199 /* SpotMyMusicApp.app */;
			productType = "com.apple.product-type.application";
		};
/* End PBXNativeTarget section */

/* Begin PBXProject section */
		21CEEC4B26B6D5340085F199 /* Project object */ = {
			isa = PBXProject;
			attributes = {
				LastSwiftUpdateCheck = 1250;
				LastUpgradeCheck = 1250;
				TargetAttributes = {
					21CEEC5226B6D5340085F199 = {
						CreatedOnToolsVersion = 12.5;
					};
				};
			};
			buildConfigurationList = 21CEEC4E26B6D5340085F199 /* Build configuration list for PBXProject "SpotMyMusicApp" */;
			compatibilityVersion = "Xcode 9.3";
			developmentRegion = en;
			hasScannedForEncodings = 0;
			knownRegions = (
				en,
				Base,
			);
			mainGroup = 21CEEC4A26B6D5340085F199;
			productRefGroup = 21CEEC5426B6D5340085F199 /* Products */;
			projectDirPath = "";
			projectRoot = "";
			targets = (
				21CEEC5226B6D5340085F199 /* SpotMyMusicApp */,
			);
		};
/* End PBXProject section */

/* Begin PBXResourcesBuildPhase section */
		21CEEC5126B6D5340085F199 /* Resources */ = {
			isa = PBXResourcesBuildPhase;
			buildActionMask = 2147483647;
			files = (
				21CEEC6326B6D5350085F199 /* LaunchScreen.storyboard in Resources */,
				21CEEC6026B6D5350085F199 /* Assets.xcassets in Resources */,
			);
			runOnlyForDeploymentPostprocessing = 0;
		};
/* End PBXResourcesBuildPhase section */

/* Begin PBXSourcesBuildPhase section */
		21CEEC4F26B6D5340085F199 /* Sources */ = {
			isa = PBXSourcesBuildPhase;
			buildActionMask = 2147483647;
			files = (
				21CEEC7726B6D8780085F199 /* SearchViewController.swift in Sources */,
				21CEEC8926B6D91C0085F199 /* SearchResultsViewController.swift in Sources */,
				21CEEC7F26B6D8D30085F199 /* WelcomeViewController.swift in Sources */,
				21CEEC8326B6D8EA0085F199 /* ProfileViewController.swift in Sources */,
				21CEEC7526B6D8520085F199 /* TabBarViewController.swift in Sources */,
				21CEEC5B26B6D5340085F199 /* HomeViewController.swift in Sources */,
				21CEEC7C26B6D8B10085F199 /* AuthViewController.swift in Sources */,
				21CEEC5726B6D5340085F199 /* AppDelegate.swift in Sources */,
				21CEEC7926B6D8840085F199 /* LibraryViewController.swift in Sources */,
				21CEEC8726B6D9030085F199 /* PlaylistViewController.swift in Sources */,
				21CEEC5926B6D5340085F199 /* SceneDelegate.swift in Sources */,
				21CEEC8526B6D8F60085F199 /* PlayerViewController.swift in Sources */,
				21CEEC8126B6D8E00085F199 /* SettingsViewController.swift in Sources */,
			);
			runOnlyForDeploymentPostprocessing = 0;
		};
/* End PBXSourcesBuildPhase section */

/* Begin PBXVariantGroup section */
		21CEEC6126B6D5350085F199 /* LaunchScreen.storyboard */ = {
			isa = PBXVariantGroup;
			children = (
				21CEEC6226B6D5350085F199 /* Base */,
			);
			name = LaunchScreen.storyboard;
			sourceTree = "<group>";
		};
/* End PBXVariantGroup section */

/* Begin XCBuildConfiguration section */
		21CEEC6526B6D5350085F199 /* Debug */ = {
			isa = XCBuildConfiguration;
			buildSettings = {
				ALWAYS_SEARCH_USER_PATHS = NO;
				CLANG_ANALYZER_NONNULL = YES;
				CLANG_ANALYZER_NUMBER_OBJECT_CONVERSION = YES_AGGRESSIVE;
				CLANG_CXX_LANGUAGE_STANDARD = "gnu++14";
				CLANG_CXX_LIBRARY = "libc++";
				CLANG_ENABLE_MODULES = YES;
				CLANG_ENABLE_OBJC_ARC = YES;
				CLANG_ENABLE_OBJC_WEAK = YES;
				CLANG_WARN_BLOCK_CAPTURE_AUTORELEASING = YES;
				CLANG_WARN_BOOL_CONVERSION = YES;
				CLANG_WARN_COMMA = YES;
				CLANG_WARN_CONSTANT_CONVERSION = YES;
				CLANG_WARN_DEPRECATED_OBJC_IMPLEMENTATIONS = YES;
				CLANG_WARN_DIRECT_OBJC_ISA_USAGE = YES_ERROR;
				CLANG_WARN_DOCUMENTATION_COMMENTS = YES;
				CLANG_WARN_EMPTY_BODY = YES;
				CLANG_WARN_ENUM_CONVERSION = YES;
				CLANG_WARN_INFINITE_RECURSION = YES;
				CLANG_WARN_INT_CONVERSION = YES;
				CLANG_WARN_NON_LITERAL_NULL_CONVERSION = YES;
				CLANG_WARN_OBJC_IMPLICIT_RETAIN_SELF = YES;
				CLANG_WARN_OBJC_LITERAL_CONVERSION = YES;
				CLANG_WARN_OBJC_ROOT_CLASS = YES_ERROR;
				CLANG_WARN_QUOTED_INCLUDE_IN_FRAMEWORK_HEADER = YES;
				CLANG_WARN_RANGE_LOOP_ANALYSIS = YES;
				CLANG_WARN_STRICT_PROTOTYPES = YES;
				CLANG_WARN_SUSPICIOUS_MOVE = YES;
				CLANG_WARN_UNGUARDED_AVAILABILITY = YES_AGGRESSIVE;
				CLANG_WARN_UNREACHABLE_CODE = YES;
				CLANG_WARN__DUPLICATE_METHOD_MATCH = YES;
				COPY_PHASE_STRIP = NO;
				DEBUG_INFORMATION_FORMAT = dwarf;
				ENABLE_STRICT_OBJC_MSGSEND = YES;
				ENABLE_TESTABILITY = YES;
				GCC_C_LANGUAGE_STANDARD = gnu11;
				GCC_DYNAMIC_NO_PIC = NO;
				GCC_NO_COMMON_BLOCKS = YES;
				GCC_OPTIMIZATION_LEVEL = 0;
				GCC_PREPROCESSOR_DEFINITIONS = (
					"DEBUG=1",
					"$(inherited)",
				);
				GCC_WARN_64_TO_32_BIT_CONVERSION = YES;
				GCC_WARN_ABOUT_RETURN_TYPE = YES_ERROR;
				GCC_WARN_UNDECLARED_SELECTOR = YES;
				GCC_WARN_UNINITIALIZED_AUTOS = YES_AGGRESSIVE;
				GCC_WARN_UNUSED_FUNCTION = YES;
				GCC_WARN_UNUSED_VARIABLE = YES;
				IPHONEOS_DEPLOYMENT_TARGET = 14.5;
				MTL_ENABLE_DEBUG_INFO = INCLUDE_SOURCE;
				MTL_FAST_MATH = YES;
				ONLY_ACTIVE_ARCH = YES;
				SDKROOT = iphoneos;
				SWIFT_ACTIVE_COMPILATION_CONDITIONS = DEBUG;
				SWIFT_OPTIMIZATION_LEVEL = "-Onone";
			};
			name = Debug;
		};
		21CEEC6626B6D5350085F199 /* Release */ = {
			isa = XCBuildConfiguration;
			buildSettings = {
				ALWAYS_SEARCH_USER_PATHS = NO;
				CLANG_ANALYZER_NONNULL = YES;
				CLANG_ANALYZER_NUMBER_OBJECT_CONVERSION = YES_AGGRESSIVE;
				CLANG_CXX_LANGUAGE_STANDARD = "gnu++14";
				CLANG_CXX_LIBRARY = "libc++";
				CLANG_ENABLE_MODULES = YES;
				CLANG_ENABLE_OBJC_ARC = YES;
				CLANG_ENABLE_OBJC_WEAK = YES;
				CLANG_WARN_BLOCK_CAPTURE_AUTORELEASING = YES;
				CLANG_WARN_BOOL_CONVERSION = YES;
				CLANG_WARN_COMMA = YES;
				CLANG_WARN_CONSTANT_CONVERSION = YES;
				CLANG_WARN_DEPRECATED_OBJC_IMPLEMENTATIONS = YES;
				CLANG_WARN_DIRECT_OBJC_ISA_USAGE = YES_ERROR;
				CLANG_WARN_DOCUMENTATION_COMMENTS = YES;
				CLANG_WARN_EMPTY_BODY = YES;
				CLANG_WARN_ENUM_CONVERSION = YES;
				CLANG_WARN_INFINITE_RECURSION = YES;
				CLANG_WARN_INT_CONVERSION = YES;
				CLANG_WARN_NON_LITERAL_NULL_CONVERSION = YES;
				CLANG_WARN_OBJC_IMPLICIT_RETAIN_SELF = YES;
				CLANG_WARN_OBJC_LITERAL_CONVERSION = YES;
				CLANG_WARN_OBJC_ROOT_CLASS = YES_ERROR;
				CLANG_WARN_QUOTED_INCLUDE_IN_FRAMEWORK_HEADER = YES;
				CLANG_WARN_RANGE_LOOP_ANALYSIS = YES;
				CLANG_WARN_STRICT_PROTOTYPES = YES;
				CLANG_WARN_SUSPICIOUS_MOVE = YES;
				CLANG_WARN_UNGUARDED_AVAILABILITY = YES_AGGRESSIVE;
				CLANG_WARN_UNREACHABLE_CODE = YES;
				CLANG_WARN__DUPLICATE_METHOD_MATCH = YES;
				COPY_PHASE_STRIP = NO;
				DEBUG_INFORMATION_FORMAT = "dwarf-with-dsym";
				ENABLE_NS_ASSERTIONS = NO;
				ENABLE_STRICT_OBJC_MSGSEND = YES;
				GCC_C_LANGUAGE_STANDARD = gnu11;
				GCC_NO_COMMON_BLOCKS = YES;
				GCC_WARN_64_TO_32_BIT_CONVERSION = YES;
				GCC_WARN_ABOUT_RETURN_TYPE = YES_ERROR;
				GCC_WARN_UNDECLARED_SELECTOR = YES;
				GCC_WARN_UNINITIALIZED_AUTOS = YES_AGGRESSIVE;
				GCC_WARN_UNUSED_FUNCTION = YES;
				GCC_WARN_UNUSED_VARIABLE = YES;
				IPHONEOS_DEPLOYMENT_TARGET = 14.5;
				MTL_ENABLE_DEBUG_INFO = NO;
				MTL_FAST_MATH = YES;
				SDKROOT = iphoneos;
				SWIFT_COMPILATION_MODE = wholemodule;
				SWIFT_OPTIMIZATION_LEVEL = "-O";
				VALIDATE_PRODUCT = YES;
			};
			name = Release;
		};
		21CEEC6826B6D5350085F199 /* Debug */ = {
			isa = XCBuildConfiguration;
			buildSettings = {
				ASSETCATALOG_COMPILER_APPICON_NAME = AppIcon;
				ASSETCATALOG_COMPILER_GLOBAL_ACCENT_COLOR_NAME = AccentColor;
				CODE_SIGN_STYLE = Automatic;
				DEVELOPMENT_TEAM = QLJ84Q3ZSY;
				INFOPLIST_FILE = SpotMyMusicApp/Info.plist;
				LD_RUNPATH_SEARCH_PATHS = (
					"$(inherited)",
					"@executable_path/Frameworks",
				);
				PRODUCT_BUNDLE_IDENTIFIER = com.aveldanov.SpotMyMusicApp;
				PRODUCT_NAME = "$(TARGET_NAME)";
				SWIFT_VERSION = 5.0;
				TARGETED_DEVICE_FAMILY = "1,2";
			};
			name = Debug;
		};
		21CEEC6926B6D5350085F199 /* Release */ = {
			isa = XCBuildConfiguration;
			buildSettings = {
				ASSETCATALOG_COMPILER_APPICON_NAME = AppIcon;
				ASSETCATALOG_COMPILER_GLOBAL_ACCENT_COLOR_NAME = AccentColor;
				CODE_SIGN_STYLE = Automatic;
				DEVELOPMENT_TEAM = QLJ84Q3ZSY;
				INFOPLIST_FILE = SpotMyMusicApp/Info.plist;
				LD_RUNPATH_SEARCH_PATHS = (
					"$(inherited)",
					"@executable_path/Frameworks",
				);
				PRODUCT_BUNDLE_IDENTIFIER = com.aveldanov.SpotMyMusicApp;
				PRODUCT_NAME = "$(TARGET_NAME)";
				SWIFT_VERSION = 5.0;
				TARGETED_DEVICE_FAMILY = "1,2";
			};
			name = Release;
		};
/* End XCBuildConfiguration section */

/* Begin XCConfigurationList section */
		21CEEC4E26B6D5340085F199 /* Build configuration list for PBXProject "SpotMyMusicApp" */ = {
			isa = XCConfigurationList;
			buildConfigurations = (
				21CEEC6526B6D5350085F199 /* Debug */,
				21CEEC6626B6D5350085F199 /* Release */,
			);
			defaultConfigurationIsVisible = 0;
			defaultConfigurationName = Release;
		};
		21CEEC6726B6D5350085F199 /* Build configuration list for PBXNativeTarget "SpotMyMusicApp" */ = {
			isa = XCConfigurationList;
			buildConfigurations = (
				21CEEC6826B6D5350085F199 /* Debug */,
				21CEEC6926B6D5350085F199 /* Release */,
			);
			defaultConfigurationIsVisible = 0;
			defaultConfigurationName = Release;
		};
/* End XCConfigurationList section */
	};
	rootObject = 21CEEC4B26B6D5340085F199 /* Project object */;
}
