// !$*UTF8*$!
{
	archiveVersion = 1;
	classes = {
	};
	objectVersion = 50;
	objects = {

/* Begin PBXBuildFile section */
		217A0C2E267D6A48008705A9 /* AppDelegate.swift in Sources */ = {isa = PBXBuildFile; fileRef = 217A0C2D267D6A48008705A9 /* AppDelegate.swift */; };
		217A0C30267D6A48008705A9 /* SceneDelegate.swift in Sources */ = {isa = PBXBuildFile; fileRef = 217A0C2F267D6A48008705A9 /* SceneDelegate.swift */; };
		217A0C32267D6A48008705A9 /* HomeViewController.swift in Sources */ = {isa = PBXBuildFile; fileRef = 217A0C31267D6A48008705A9 /* HomeViewController.swift */; };
		217A0C37267D6A4B008705A9 /* Assets.xcassets in Resources */ = {isa = PBXBuildFile; fileRef = 217A0C36267D6A4B008705A9 /* Assets.xcassets */; };
		217A0C3A267D6A4B008705A9 /* LaunchScreen.storyboard in Resources */ = {isa = PBXBuildFile; fileRef = 217A0C38267D6A4B008705A9 /* LaunchScreen.storyboard */; };
		217A0C48267D8143008705A9 /* TabBarViewController.swift in Sources */ = {isa = PBXBuildFile; fileRef = 217A0C47267D8143008705A9 /* TabBarViewController.swift */; };
		217A0C4A267D816D008705A9 /* SearchViewController.swift in Sources */ = {isa = PBXBuildFile; fileRef = 217A0C49267D816D008705A9 /* SearchViewController.swift */; };
		217A0C4C267D818D008705A9 /* LibraryViewController.swift in Sources */ = {isa = PBXBuildFile; fileRef = 217A0C4B267D818D008705A9 /* LibraryViewController.swift */; };
		217A0C50267D81B6008705A9 /* AuthViewController.swift in Sources */ = {isa = PBXBuildFile; fileRef = 217A0C4F267D81B6008705A9 /* AuthViewController.swift */; };
		217A0C52267D81C5008705A9 /* WelcomeViewController.swift in Sources */ = {isa = PBXBuildFile; fileRef = 217A0C51267D81C5008705A9 /* WelcomeViewController.swift */; };
		217A0C54267D81D6008705A9 /* SettingsViewController.swift in Sources */ = {isa = PBXBuildFile; fileRef = 217A0C53267D81D6008705A9 /* SettingsViewController.swift */; };
		217A0C56267D81E6008705A9 /* ProfileViewController.swift in Sources */ = {isa = PBXBuildFile; fileRef = 217A0C55267D81E6008705A9 /* ProfileViewController.swift */; };
		217A0C58267D81EE008705A9 /* PlayerViewController.swift in Sources */ = {isa = PBXBuildFile; fileRef = 217A0C57267D81EE008705A9 /* PlayerViewController.swift */; };
		217A0C5A267D81FA008705A9 /* PlaylistViewController.swift in Sources */ = {isa = PBXBuildFile; fileRef = 217A0C59267D81FA008705A9 /* PlaylistViewController.swift */; };
		217A0C5C267D8214008705A9 /* SearchResultsViewController.swift in Sources */ = {isa = PBXBuildFile; fileRef = 217A0C5B267D8214008705A9 /* SearchResultsViewController.swift */; };
		217A0C5E267D824E008705A9 /* AuthManager.swift in Sources */ = {isa = PBXBuildFile; fileRef = 217A0C5D267D824E008705A9 /* AuthManager.swift */; };
		217A0C60267D8264008705A9 /* APICaller.swift in Sources */ = {isa = PBXBuildFile; fileRef = 217A0C5F267D8264008705A9 /* APICaller.swift */; };
		217A0C64267D8288008705A9 /* HapticsManager.swift in Sources */ = {isa = PBXBuildFile; fileRef = 217A0C63267D8288008705A9 /* HapticsManager.swift */; };
		217A0C66267D82E6008705A9 /* PlaylistModel.swift in Sources */ = {isa = PBXBuildFile; fileRef = 217A0C65267D82E6008705A9 /* PlaylistModel.swift */; };
		217A0C68267D82FC008705A9 /* AudioTrackModel.swift in Sources */ = {isa = PBXBuildFile; fileRef = 217A0C67267D82FC008705A9 /* AudioTrackModel.swift */; };
		217A0C6A267D830F008705A9 /* ArtistModel.swift in Sources */ = {isa = PBXBuildFile; fileRef = 217A0C69267D830E008705A9 /* ArtistModel.swift */; };
		217A0C6C267D8319008705A9 /* UserProfileModel.swift in Sources */ = {isa = PBXBuildFile; fileRef = 217A0C6B267D8319008705A9 /* UserProfileModel.swift */; };
		217A0C6E267D903F008705A9 /* Extensions.swift in Sources */ = {isa = PBXBuildFile; fileRef = 217A0C6D267D903F008705A9 /* Extensions.swift */; };
/* End PBXBuildFile section */

/* Begin PBXFileReference section */
		217A0C2A267D6A48008705A9 /* SpotMusicApp.app */ = {isa = PBXFileReference; explicitFileType = wrapper.application; includeInIndex = 0; path = SpotMusicApp.app; sourceTree = BUILT_PRODUCTS_DIR; };
		217A0C2D267D6A48008705A9 /* AppDelegate.swift */ = {isa = PBXFileReference; lastKnownFileType = sourcecode.swift; path = AppDelegate.swift; sourceTree = "<group>"; };
		217A0C2F267D6A48008705A9 /* SceneDelegate.swift */ = {isa = PBXFileReference; lastKnownFileType = sourcecode.swift; path = SceneDelegate.swift; sourceTree = "<group>"; };
		217A0C31267D6A48008705A9 /* HomeViewController.swift */ = {isa = PBXFileReference; lastKnownFileType = sourcecode.swift; path = HomeViewController.swift; sourceTree = "<group>"; };
		217A0C36267D6A4B008705A9 /* Assets.xcassets */ = {isa = PBXFileReference; lastKnownFileType = folder.assetcatalog; path = Assets.xcassets; sourceTree = "<group>"; };
		217A0C39267D6A4B008705A9 /* Base */ = {isa = PBXFileReference; lastKnownFileType = file.storyboard; name = Base; path = Base.lproj/LaunchScreen.storyboard; sourceTree = "<group>"; };
		217A0C3B267D6A4B008705A9 /* Info.plist */ = {isa = PBXFileReference; lastKnownFileType = text.plist.xml; path = Info.plist; sourceTree = "<group>"; };
		217A0C47267D8143008705A9 /* TabBarViewController.swift */ = {isa = PBXFileReference; lastKnownFileType = sourcecode.swift; path = TabBarViewController.swift; sourceTree = "<group>"; };
		217A0C49267D816D008705A9 /* SearchViewController.swift */ = {isa = PBXFileReference; lastKnownFileType = sourcecode.swift; path = SearchViewController.swift; sourceTree = "<group>"; };
		217A0C4B267D818D008705A9 /* LibraryViewController.swift */ = {isa = PBXFileReference; lastKnownFileType = sourcecode.swift; path = LibraryViewController.swift; sourceTree = "<group>"; };
		217A0C4F267D81B6008705A9 /* AuthViewController.swift */ = {isa = PBXFileReference; lastKnownFileType = sourcecode.swift; path = AuthViewController.swift; sourceTree = "<group>"; };
		217A0C51267D81C5008705A9 /* WelcomeViewController.swift */ = {isa = PBXFileReference; lastKnownFileType = sourcecode.swift; path = WelcomeViewController.swift; sourceTree = "<group>"; };
		217A0C53267D81D6008705A9 /* SettingsViewController.swift */ = {isa = PBXFileReference; lastKnownFileType = sourcecode.swift; path = SettingsViewController.swift; sourceTree = "<group>"; };
		217A0C55267D81E6008705A9 /* ProfileViewController.swift */ = {isa = PBXFileReference; lastKnownFileType = sourcecode.swift; path = ProfileViewController.swift; sourceTree = "<group>"; };
		217A0C57267D81EE008705A9 /* PlayerViewController.swift */ = {isa = PBXFileReference; lastKnownFileType = sourcecode.swift; path = PlayerViewController.swift; sourceTree = "<group>"; };
		217A0C59267D81FA008705A9 /* PlaylistViewController.swift */ = {isa = PBXFileReference; lastKnownFileType = sourcecode.swift; path = PlaylistViewController.swift; sourceTree = "<group>"; };
		217A0C5B267D8214008705A9 /* SearchResultsViewController.swift */ = {isa = PBXFileReference; lastKnownFileType = sourcecode.swift; path = SearchResultsViewController.swift; sourceTree = "<group>"; };
		217A0C5D267D824E008705A9 /* AuthManager.swift */ = {isa = PBXFileReference; lastKnownFileType = sourcecode.swift; path = AuthManager.swift; sourceTree = "<group>"; };
		217A0C5F267D8264008705A9 /* APICaller.swift */ = {isa = PBXFileReference; lastKnownFileType = sourcecode.swift; path = APICaller.swift; sourceTree = "<group>"; };
		217A0C63267D8288008705A9 /* HapticsManager.swift */ = {isa = PBXFileReference; lastKnownFileType = sourcecode.swift; path = HapticsManager.swift; sourceTree = "<group>"; };
		217A0C65267D82E6008705A9 /* PlaylistModel.swift */ = {isa = PBXFileReference; lastKnownFileType = sourcecode.swift; path = PlaylistModel.swift; sourceTree = "<group>"; };
		217A0C67267D82FC008705A9 /* AudioTrackModel.swift */ = {isa = PBXFileReference; lastKnownFileType = sourcecode.swift; path = AudioTrackModel.swift; sourceTree = "<group>"; };
		217A0C69267D830E008705A9 /* ArtistModel.swift */ = {isa = PBXFileReference; lastKnownFileType = sourcecode.swift; path = ArtistModel.swift; sourceTree = "<group>"; };
		217A0C6B267D8319008705A9 /* UserProfileModel.swift */ = {isa = PBXFileReference; lastKnownFileType = sourcecode.swift; path = UserProfileModel.swift; sourceTree = "<group>"; };
		217A0C6D267D903F008705A9 /* Extensions.swift */ = {isa = PBXFileReference; lastKnownFileType = sourcecode.swift; path = Extensions.swift; sourceTree = "<group>"; };
/* End PBXFileReference section */

/* Begin PBXFrameworksBuildPhase section */
		217A0C27267D6A48008705A9 /* Frameworks */ = {
			isa = PBXFrameworksBuildPhase;
			buildActionMask = 2147483647;
			files = (
			);
			runOnlyForDeploymentPostprocessing = 0;
		};
/* End PBXFrameworksBuildPhase section */

/* Begin PBXGroup section */
		217A0C21267D6A48008705A9 = {
			isa = PBXGroup;
			children = (
				217A0C2C267D6A48008705A9 /* SpotMusicApp */,
				217A0C2B267D6A48008705A9 /* Products */,
			);
			sourceTree = "<group>";
		};
		217A0C2B267D6A48008705A9 /* Products */ = {
			isa = PBXGroup;
			children = (
				217A0C2A267D6A48008705A9 /* SpotMusicApp.app */,
			);
			name = Products;
			sourceTree = "<group>";
		};
		217A0C2C267D6A48008705A9 /* SpotMusicApp */ = {
			isa = PBXGroup;
			children = (
				217A0C46267D7F8E008705A9 /* Resources */,
				217A0C45267D7F7E008705A9 /* Managers */,
				217A0C44267D7F74008705A9 /* ViewModels */,
				217A0C43267D7F64008705A9 /* Models */,
				217A0C42267D7F5E008705A9 /* Views */,
				217A0C41267D7F52008705A9 /* Controllers */,
				217A0C3B267D6A4B008705A9 /* Info.plist */,
			);
			path = SpotMusicApp;
			sourceTree = "<group>";
		};
		217A0C41267D7F52008705A9 /* Controllers */ = {
			isa = PBXGroup;
			children = (
				217A0C4E267D81A5008705A9 /* Other */,
				217A0C4D267D8199008705A9 /* Core */,
			);
			path = Controllers;
			sourceTree = "<group>";
		};
		217A0C42267D7F5E008705A9 /* Views */ = {
			isa = PBXGroup;
			children = (
				217A0C38267D6A4B008705A9 /* LaunchScreen.storyboard */,
			);
			path = Views;
			sourceTree = "<group>";
		};
		217A0C43267D7F64008705A9 /* Models */ = {
			isa = PBXGroup;
			children = (
				217A0C65267D82E6008705A9 /* PlaylistModel.swift */,
				217A0C67267D82FC008705A9 /* AudioTrackModel.swift */,
				217A0C69267D830E008705A9 /* ArtistModel.swift */,
				217A0C6B267D8319008705A9 /* UserProfileModel.swift */,
			);
			path = Models;
			sourceTree = "<group>";
		};
		217A0C44267D7F74008705A9 /* ViewModels */ = {
			isa = PBXGroup;
			children = (
			);
			path = ViewModels;
			sourceTree = "<group>";
		};
		217A0C45267D7F7E008705A9 /* Managers */ = {
			isa = PBXGroup;
			children = (
				217A0C5D267D824E008705A9 /* AuthManager.swift */,
				217A0C5F267D8264008705A9 /* APICaller.swift */,
				217A0C63267D8288008705A9 /* HapticsManager.swift */,
			);
			path = Managers;
			sourceTree = "<group>";
		};
		217A0C46267D7F8E008705A9 /* Resources */ = {
			isa = PBXGroup;
			children = (
				217A0C36267D6A4B008705A9 /* Assets.xcassets */,
				217A0C2D267D6A48008705A9 /* AppDelegate.swift */,
				217A0C6D267D903F008705A9 /* Extensions.swift */,
				217A0C2F267D6A48008705A9 /* SceneDelegate.swift */,
			);
			path = Resources;
			sourceTree = "<group>";
		};
		217A0C4D267D8199008705A9 /* Core */ = {
			isa = PBXGroup;
			children = (
				217A0C47267D8143008705A9 /* TabBarViewController.swift */,
				217A0C31267D6A48008705A9 /* HomeViewController.swift */,
				217A0C49267D816D008705A9 /* SearchViewController.swift */,
				217A0C4B267D818D008705A9 /* LibraryViewController.swift */,
			);
			path = Core;
			sourceTree = "<group>";
		};
		217A0C4E267D81A5008705A9 /* Other */ = {
			isa = PBXGroup;
			children = (
				217A0C4F267D81B6008705A9 /* AuthViewController.swift */,
				217A0C5B267D8214008705A9 /* SearchResultsViewController.swift */,
				217A0C51267D81C5008705A9 /* WelcomeViewController.swift */,
				217A0C53267D81D6008705A9 /* SettingsViewController.swift */,
				217A0C55267D81E6008705A9 /* ProfileViewController.swift */,
				217A0C57267D81EE008705A9 /* PlayerViewController.swift */,
				217A0C59267D81FA008705A9 /* PlaylistViewController.swift */,
			);
			path = Other;
			sourceTree = "<group>";
		};
/* End PBXGroup section */

/* Begin PBXNativeTarget section */
		217A0C29267D6A48008705A9 /* SpotMusicApp */ = {
			isa = PBXNativeTarget;
			buildConfigurationList = 217A0C3E267D6A4B008705A9 /* Build configuration list for PBXNativeTarget "SpotMusicApp" */;
			buildPhases = (
				217A0C26267D6A48008705A9 /* Sources */,
				217A0C27267D6A48008705A9 /* Frameworks */,
				217A0C28267D6A48008705A9 /* Resources */,
			);
			buildRules = (
			);
			dependencies = (
			);
			name = SpotMusicApp;
			productName = SpotMusicApp;
			productReference = 217A0C2A267D6A48008705A9 /* SpotMusicApp.app */;
			productType = "com.apple.product-type.application";
		};
/* End PBXNativeTarget section */

/* Begin PBXProject section */
		217A0C22267D6A48008705A9 /* Project object */ = {
			isa = PBXProject;
			attributes = {
				LastSwiftUpdateCheck = 1250;
				LastUpgradeCheck = 1250;
				TargetAttributes = {
					217A0C29267D6A48008705A9 = {
						CreatedOnToolsVersion = 12.5;
					};
				};
			};
			buildConfigurationList = 217A0C25267D6A48008705A9 /* Build configuration list for PBXProject "SpotMusicApp" */;
			compatibilityVersion = "Xcode 9.3";
			developmentRegion = en;
			hasScannedForEncodings = 0;
			knownRegions = (
				en,
				Base,
			);
			mainGroup = 217A0C21267D6A48008705A9;
			productRefGroup = 217A0C2B267D6A48008705A9 /* Products */;
			projectDirPath = "";
			projectRoot = "";
			targets = (
				217A0C29267D6A48008705A9 /* SpotMusicApp */,
			);
		};
/* End PBXProject section */

/* Begin PBXResourcesBuildPhase section */
		217A0C28267D6A48008705A9 /* Resources */ = {
			isa = PBXResourcesBuildPhase;
			buildActionMask = 2147483647;
			files = (
				217A0C3A267D6A4B008705A9 /* LaunchScreen.storyboard in Resources */,
				217A0C37267D6A4B008705A9 /* Assets.xcassets in Resources */,
			);
			runOnlyForDeploymentPostprocessing = 0;
		};
/* End PBXResourcesBuildPhase section */

/* Begin PBXSourcesBuildPhase section */
		217A0C26267D6A48008705A9 /* Sources */ = {
			isa = PBXSourcesBuildPhase;
			buildActionMask = 2147483647;
			files = (
				217A0C4A267D816D008705A9 /* SearchViewController.swift in Sources */,
				217A0C5E267D824E008705A9 /* AuthManager.swift in Sources */,
				217A0C52267D81C5008705A9 /* WelcomeViewController.swift in Sources */,
				217A0C56267D81E6008705A9 /* ProfileViewController.swift in Sources */,
				217A0C48267D8143008705A9 /* TabBarViewController.swift in Sources */,
				217A0C32267D6A48008705A9 /* HomeViewController.swift in Sources */,
				217A0C64267D8288008705A9 /* HapticsManager.swift in Sources */,
				217A0C50267D81B6008705A9 /* AuthViewController.swift in Sources */,
				217A0C2E267D6A48008705A9 /* AppDelegate.swift in Sources */,
				217A0C4C267D818D008705A9 /* LibraryViewController.swift in Sources */,
				217A0C66267D82E6008705A9 /* PlaylistModel.swift in Sources */,
				217A0C5A267D81FA008705A9 /* PlaylistViewController.swift in Sources */,
				217A0C68267D82FC008705A9 /* AudioTrackModel.swift in Sources */,
				217A0C6E267D903F008705A9 /* Extensions.swift in Sources */,
				217A0C30267D6A48008705A9 /* SceneDelegate.swift in Sources */,
				217A0C6C267D8319008705A9 /* UserProfileModel.swift in Sources */,
				217A0C58267D81EE008705A9 /* PlayerViewController.swift in Sources */,
				217A0C5C267D8214008705A9 /* SearchResultsViewController.swift in Sources */,
				217A0C60267D8264008705A9 /* APICaller.swift in Sources */,
				217A0C54267D81D6008705A9 /* SettingsViewController.swift in Sources */,
				217A0C6A267D830F008705A9 /* ArtistModel.swift in Sources */,
			);
			runOnlyForDeploymentPostprocessing = 0;
		};
/* End PBXSourcesBuildPhase section */

/* Begin PBXVariantGroup section */
		217A0C38267D6A4B008705A9 /* LaunchScreen.storyboard */ = {
			isa = PBXVariantGroup;
			children = (
				217A0C39267D6A4B008705A9 /* Base */,
			);
			name = LaunchScreen.storyboard;
			sourceTree = "<group>";
		};
/* End PBXVariantGroup section */

/* Begin XCBuildConfiguration section */
		217A0C3C267D6A4B008705A9 /* Debug */ = {
			isa = XCBuildConfiguration;
			buildSettings = {
				ALWAYS_SEARCH_USER_PATHS = NO;
				CLANG_ANALYZER_NONNULL = YES;
				CLANG_ANALYZER_NUMBER_OBJECT_CONVERSION = YES_AGGRESSIVE;
				CLANG_CXX_LANGUAGE_STANDARD = "gnu++14";
				CLANG_CXX_LIBRARY = "libc++";
				CLANG_ENABLE_MODULES = YES;
				CLANG_ENABLE_OBJC_ARC = YES;
				CLANG_ENABLE_OBJC_WEAK = YES;
				CLANG_WARN_BLOCK_CAPTURE_AUTORELEASING = YES;
				CLANG_WARN_BOOL_CONVERSION = YES;
				CLANG_WARN_COMMA = YES;
				CLANG_WARN_CONSTANT_CONVERSION = YES;
				CLANG_WARN_DEPRECATED_OBJC_IMPLEMENTATIONS = YES;
				CLANG_WARN_DIRECT_OBJC_ISA_USAGE = YES_ERROR;
				CLANG_WARN_DOCUMENTATION_COMMENTS = YES;
				CLANG_WARN_EMPTY_BODY = YES;
				CLANG_WARN_ENUM_CONVERSION = YES;
				CLANG_WARN_INFINITE_RECURSION = YES;
				CLANG_WARN_INT_CONVERSION = YES;
				CLANG_WARN_NON_LITERAL_NULL_CONVERSION = YES;
				CLANG_WARN_OBJC_IMPLICIT_RETAIN_SELF = YES;
				CLANG_WARN_OBJC_LITERAL_CONVERSION = YES;
				CLANG_WARN_OBJC_ROOT_CLASS = YES_ERROR;
				CLANG_WARN_QUOTED_INCLUDE_IN_FRAMEWORK_HEADER = YES;
				CLANG_WARN_RANGE_LOOP_ANALYSIS = YES;
				CLANG_WARN_STRICT_PROTOTYPES = YES;
				CLANG_WARN_SUSPICIOUS_MOVE = YES;
				CLANG_WARN_UNGUARDED_AVAILABILITY = YES_AGGRESSIVE;
				CLANG_WARN_UNREACHABLE_CODE = YES;
				CLANG_WARN__DUPLICATE_METHOD_MATCH = YES;
				COPY_PHASE_STRIP = NO;
				DEBUG_INFORMATION_FORMAT = dwarf;
				ENABLE_STRICT_OBJC_MSGSEND = YES;
				ENABLE_TESTABILITY = YES;
				GCC_C_LANGUAGE_STANDARD = gnu11;
				GCC_DYNAMIC_NO_PIC = NO;
				GCC_NO_COMMON_BLOCKS = YES;
				GCC_OPTIMIZATION_LEVEL = 0;
				GCC_PREPROCESSOR_DEFINITIONS = (
					"DEBUG=1",
					"$(inherited)",
				);
				GCC_WARN_64_TO_32_BIT_CONVERSION = YES;
				GCC_WARN_ABOUT_RETURN_TYPE = YES_ERROR;
				GCC_WARN_UNDECLARED_SELECTOR = YES;
				GCC_WARN_UNINITIALIZED_AUTOS = YES_AGGRESSIVE;
				GCC_WARN_UNUSED_FUNCTION = YES;
				GCC_WARN_UNUSED_VARIABLE = YES;
				IPHONEOS_DEPLOYMENT_TARGET = 14.5;
				MTL_ENABLE_DEBUG_INFO = INCLUDE_SOURCE;
				MTL_FAST_MATH = YES;
				ONLY_ACTIVE_ARCH = YES;
				SDKROOT = iphoneos;
				SWIFT_ACTIVE_COMPILATION_CONDITIONS = DEBUG;
				SWIFT_OPTIMIZATION_LEVEL = "-Onone";
			};
			name = Debug;
		};
		217A0C3D267D6A4B008705A9 /* Release */ = {
			isa = XCBuildConfiguration;
			buildSettings = {
				ALWAYS_SEARCH_USER_PATHS = NO;
				CLANG_ANALYZER_NONNULL = YES;
				CLANG_ANALYZER_NUMBER_OBJECT_CONVERSION = YES_AGGRESSIVE;
				CLANG_CXX_LANGUAGE_STANDARD = "gnu++14";
				CLANG_CXX_LIBRARY = "libc++";
				CLANG_ENABLE_MODULES = YES;
				CLANG_ENABLE_OBJC_ARC = YES;
				CLANG_ENABLE_OBJC_WEAK = YES;
				CLANG_WARN_BLOCK_CAPTURE_AUTORELEASING = YES;
				CLANG_WARN_BOOL_CONVERSION = YES;
				CLANG_WARN_COMMA = YES;
				CLANG_WARN_CONSTANT_CONVERSION = YES;
				CLANG_WARN_DEPRECATED_OBJC_IMPLEMENTATIONS = YES;
				CLANG_WARN_DIRECT_OBJC_ISA_USAGE = YES_ERROR;
				CLANG_WARN_DOCUMENTATION_COMMENTS = YES;
				CLANG_WARN_EMPTY_BODY = YES;
				CLANG_WARN_ENUM_CONVERSION = YES;
				CLANG_WARN_INFINITE_RECURSION = YES;
				CLANG_WARN_INT_CONVERSION = YES;
				CLANG_WARN_NON_LITERAL_NULL_CONVERSION = YES;
				CLANG_WARN_OBJC_IMPLICIT_RETAIN_SELF = YES;
				CLANG_WARN_OBJC_LITERAL_CONVERSION = YES;
				CLANG_WARN_OBJC_ROOT_CLASS = YES_ERROR;
				CLANG_WARN_QUOTED_INCLUDE_IN_FRAMEWORK_HEADER = YES;
				CLANG_WARN_RANGE_LOOP_ANALYSIS = YES;
				CLANG_WARN_STRICT_PROTOTYPES = YES;
				CLANG_WARN_SUSPICIOUS_MOVE = YES;
				CLANG_WARN_UNGUARDED_AVAILABILITY = YES_AGGRESSIVE;
				CLANG_WARN_UNREACHABLE_CODE = YES;
				CLANG_WARN__DUPLICATE_METHOD_MATCH = YES;
				COPY_PHASE_STRIP = NO;
				DEBUG_INFORMATION_FORMAT = "dwarf-with-dsym";
				ENABLE_NS_ASSERTIONS = NO;
				ENABLE_STRICT_OBJC_MSGSEND = YES;
				GCC_C_LANGUAGE_STANDARD = gnu11;
				GCC_NO_COMMON_BLOCKS = YES;
				GCC_WARN_64_TO_32_BIT_CONVERSION = YES;
				GCC_WARN_ABOUT_RETURN_TYPE = YES_ERROR;
				GCC_WARN_UNDECLARED_SELECTOR = YES;
				GCC_WARN_UNINITIALIZED_AUTOS = YES_AGGRESSIVE;
				GCC_WARN_UNUSED_FUNCTION = YES;
				GCC_WARN_UNUSED_VARIABLE = YES;
				IPHONEOS_DEPLOYMENT_TARGET = 14.5;
				MTL_ENABLE_DEBUG_INFO = NO;
				MTL_FAST_MATH = YES;
				SDKROOT = iphoneos;
				SWIFT_COMPILATION_MODE = wholemodule;
				SWIFT_OPTIMIZATION_LEVEL = "-O";
				VALIDATE_PRODUCT = YES;
			};
			name = Release;
		};
		217A0C3F267D6A4B008705A9 /* Debug */ = {
			isa = XCBuildConfiguration;
			buildSettings = {
				ASSETCATALOG_COMPILER_APPICON_NAME = AppIcon;
				ASSETCATALOG_COMPILER_GLOBAL_ACCENT_COLOR_NAME = AccentColor;
				CODE_SIGN_STYLE = Automatic;
				DEVELOPMENT_TEAM = QLJ84Q3ZSY;
				INFOPLIST_FILE = SpotMusicApp/Info.plist;
				LD_RUNPATH_SEARCH_PATHS = (
					"$(inherited)",
					"@executable_path/Frameworks",
				);
				PRODUCT_BUNDLE_IDENTIFIER = com.aveldanov.SpotMusicApp;
				PRODUCT_NAME = "$(TARGET_NAME)";
				SWIFT_VERSION = 5.0;
				TARGETED_DEVICE_FAMILY = "1,2";
			};
			name = Debug;
		};
		217A0C40267D6A4B008705A9 /* Release */ = {
			isa = XCBuildConfiguration;
			buildSettings = {
				ASSETCATALOG_COMPILER_APPICON_NAME = AppIcon;
				ASSETCATALOG_COMPILER_GLOBAL_ACCENT_COLOR_NAME = AccentColor;
				CODE_SIGN_STYLE = Automatic;
				DEVELOPMENT_TEAM = QLJ84Q3ZSY;
				INFOPLIST_FILE = SpotMusicApp/Info.plist;
				LD_RUNPATH_SEARCH_PATHS = (
					"$(inherited)",
					"@executable_path/Frameworks",
				);
				PRODUCT_BUNDLE_IDENTIFIER = com.aveldanov.SpotMusicApp;
				PRODUCT_NAME = "$(TARGET_NAME)";
				SWIFT_VERSION = 5.0;
				TARGETED_DEVICE_FAMILY = "1,2";
			};
			name = Release;
		};
/* End XCBuildConfiguration section */

/* Begin XCConfigurationList section */
		217A0C25267D6A48008705A9 /* Build configuration list for PBXProject "SpotMusicApp" */ = {
			isa = XCConfigurationList;
			buildConfigurations = (
				217A0C3C267D6A4B008705A9 /* Debug */,
				217A0C3D267D6A4B008705A9 /* Release */,
			);
			defaultConfigurationIsVisible = 0;
			defaultConfigurationName = Release;
		};
		217A0C3E267D6A4B008705A9 /* Build configuration list for PBXNativeTarget "SpotMusicApp" */ = {
			isa = XCConfigurationList;
			buildConfigurations = (
				217A0C3F267D6A4B008705A9 /* Debug */,
				217A0C40267D6A4B008705A9 /* Release */,
			);
			defaultConfigurationIsVisible = 0;
			defaultConfigurationName = Release;
		};
/* End XCConfigurationList section */
	};
	rootObject = 217A0C22267D6A48008705A9 /* Project object */;
}
